// !$*UTF8*$!
{
	archiveVersion = 1;
	classes = {
	};
	objectVersion = 46;
	objects = {

/* Begin PBXBuildFile section */
		336604371CD37306006D6A42 /* SWRevealViewController.m in Sources */ = {isa = PBXBuildFile; fileRef = 336604361CD37306006D6A42 /* SWRevealViewController.m */; };
		3366043B1CD38D5E006D6A42 /* NavigationTableViewController.swift in Sources */ = {isa = PBXBuildFile; fileRef = 3366043A1CD38D5E006D6A42 /* NavigationTableViewController.swift */; };
		336604941CD3A23E006D6A42 /* ObjectParseManager.swift in Sources */ = {isa = PBXBuildFile; fileRef = 336604931CD3A23E006D6A42 /* ObjectParseManager.swift */; };
		339CC88A1CD25DF30020C1C6 /* AppDelegate.swift in Sources */ = {isa = PBXBuildFile; fileRef = 339CC8891CD25DF30020C1C6 /* AppDelegate.swift */; };
		339CC88C1CD25DF30020C1C6 /* ListViewController.swift in Sources */ = {isa = PBXBuildFile; fileRef = 339CC88B1CD25DF30020C1C6 /* ListViewController.swift */; };
		339CC88F1CD25DF30020C1C6 /* Main.storyboard in Resources */ = {isa = PBXBuildFile; fileRef = 339CC88D1CD25DF30020C1C6 /* Main.storyboard */; };
		339CC8921CD25DF30020C1C6 /* TV_App_Agency_Test_App.xcdatamodeld in Sources */ = {isa = PBXBuildFile; fileRef = 339CC8901CD25DF30020C1C6 /* TV_App_Agency_Test_App.xcdatamodeld */; };
		339CC8941CD25DF30020C1C6 /* Assets.xcassets in Resources */ = {isa = PBXBuildFile; fileRef = 339CC8931CD25DF30020C1C6 /* Assets.xcassets */; };
		339CC8971CD25DF30020C1C6 /* LaunchScreen.storyboard in Resources */ = {isa = PBXBuildFile; fileRef = 339CC8951CD25DF30020C1C6 /* LaunchScreen.storyboard */; };
		339CC8A21CD25DF30020C1C6 /* TV_App_Agency_Test_AppTests.swift in Sources */ = {isa = PBXBuildFile; fileRef = 339CC8A11CD25DF30020C1C6 /* TV_App_Agency_Test_AppTests.swift */; };
		339CC8AD1CD25DF30020C1C6 /* TV_App_Agency_Test_AppUITests.swift in Sources */ = {isa = PBXBuildFile; fileRef = 339CC8AC1CD25DF30020C1C6 /* TV_App_Agency_Test_AppUITests.swift */; };
		339CC8C21CD2601A0020C1C6 /* UIColorExtension.swift in Sources */ = {isa = PBXBuildFile; fileRef = 339CC8C11CD2601A0020C1C6 /* UIColorExtension.swift */; };
		339CC8CD1CD264420020C1C6 /* Movie.swift in Sources */ = {isa = PBXBuildFile; fileRef = 339CC8CC1CD264420020C1C6 /* Movie.swift */; };
		339CC8D41CD266890020C1C6 /* Const.swift in Sources */ = {isa = PBXBuildFile; fileRef = 339CC8D31CD266890020C1C6 /* Const.swift */; };
		339CC8D81CD2672E0020C1C6 /* Net.swift in Sources */ = {isa = PBXBuildFile; fileRef = 339CC8D71CD2672E0020C1C6 /* Net.swift */; };
		339CC8DF1CD291780020C1C6 /* MovieTableViewCell.swift in Sources */ = {isa = PBXBuildFile; fileRef = 339CC8DE1CD291780020C1C6 /* MovieTableViewCell.swift */; };
		339CC9041CD34DAF0020C1C6 /* DetailViewController.swift in Sources */ = {isa = PBXBuildFile; fileRef = 339CC9031CD34DAF0020C1C6 /* DetailViewController.swift */; };
/* End PBXBuildFile section */

/* Begin PBXContainerItemProxy section */
		339CC89E1CD25DF30020C1C6 /* PBXContainerItemProxy */ = {
			isa = PBXContainerItemProxy;
			containerPortal = 339CC87E1CD25DF30020C1C6 /* Project object */;
			proxyType = 1;
			remoteGlobalIDString = 339CC8851CD25DF30020C1C6;
			remoteInfo = "TV App Agency Test App";
		};
		339CC8A91CD25DF30020C1C6 /* PBXContainerItemProxy */ = {
			isa = PBXContainerItemProxy;
			containerPortal = 339CC87E1CD25DF30020C1C6 /* Project object */;
			proxyType = 1;
			remoteGlobalIDString = 339CC8851CD25DF30020C1C6;
			remoteInfo = "TV App Agency Test App";
		};
/* End PBXContainerItemProxy section */

/* Begin PBXFileReference section */
		336604341CD37305006D6A42 /* TV App Agency Test App-Bridging-Header.h */ = {isa = PBXFileReference; lastKnownFileType = sourcecode.c.h; path = "TV App Agency Test App-Bridging-Header.h"; sourceTree = "<group>"; };
		336604351CD37306006D6A42 /* SWRevealViewController.h */ = {isa = PBXFileReference; fileEncoding = 4; lastKnownFileType = sourcecode.c.h; path = SWRevealViewController.h; sourceTree = "<group>"; };
		336604361CD37306006D6A42 /* SWRevealViewController.m */ = {isa = PBXFileReference; fileEncoding = 4; lastKnownFileType = sourcecode.c.objc; path = SWRevealViewController.m; sourceTree = "<group>"; };
		3366043A1CD38D5E006D6A42 /* NavigationTableViewController.swift */ = {isa = PBXFileReference; fileEncoding = 4; lastKnownFileType = sourcecode.swift; name = NavigationTableViewController.swift; path = ViewControllers/NavigationTableViewController.swift; sourceTree = "<group>"; };
		336604931CD3A23E006D6A42 /* ObjectParseManager.swift */ = {isa = PBXFileReference; fileEncoding = 4; lastKnownFileType = sourcecode.swift; name = ObjectParseManager.swift; path = "Helper Files/ObjectParseManager.swift"; sourceTree = "<group>"; };
		339CC8861CD25DF30020C1C6 /* TV App Agency Test App.app */ = {isa = PBXFileReference; explicitFileType = wrapper.application; includeInIndex = 0; path = "TV App Agency Test App.app"; sourceTree = BUILT_PRODUCTS_DIR; };
		339CC8891CD25DF30020C1C6 /* AppDelegate.swift */ = {isa = PBXFileReference; lastKnownFileType = sourcecode.swift; path = AppDelegate.swift; sourceTree = "<group>"; };
		339CC88B1CD25DF30020C1C6 /* ListViewController.swift */ = {isa = PBXFileReference; lastKnownFileType = sourcecode.swift; path = ListViewController.swift; sourceTree = "<group>"; };
		339CC88E1CD25DF30020C1C6 /* Base */ = {isa = PBXFileReference; lastKnownFileType = file.storyboard; name = Base; path = Base.lproj/Main.storyboard; sourceTree = "<group>"; };
		339CC8911CD25DF30020C1C6 /* TV_App_Agency_Test_App.xcdatamodel */ = {isa = PBXFileReference; lastKnownFileType = wrapper.xcdatamodel; path = TV_App_Agency_Test_App.xcdatamodel; sourceTree = "<group>"; };
		339CC8931CD25DF30020C1C6 /* Assets.xcassets */ = {isa = PBXFileReference; lastKnownFileType = folder.assetcatalog; path = Assets.xcassets; sourceTree = "<group>"; };
		339CC8961CD25DF30020C1C6 /* Base */ = {isa = PBXFileReference; lastKnownFileType = file.storyboard; name = Base; path = Base.lproj/LaunchScreen.storyboard; sourceTree = "<group>"; };
		339CC8981CD25DF30020C1C6 /* Info.plist */ = {isa = PBXFileReference; lastKnownFileType = text.plist.xml; path = Info.plist; sourceTree = "<group>"; };
		339CC89D1CD25DF30020C1C6 /* TV App Agency Test AppTests.xctest */ = {isa = PBXFileReference; explicitFileType = wrapper.cfbundle; includeInIndex = 0; path = "TV App Agency Test AppTests.xctest"; sourceTree = BUILT_PRODUCTS_DIR; };
		339CC8A11CD25DF30020C1C6 /* TV_App_Agency_Test_AppTests.swift */ = {isa = PBXFileReference; lastKnownFileType = sourcecode.swift; path = TV_App_Agency_Test_AppTests.swift; sourceTree = "<group>"; };
		339CC8A31CD25DF30020C1C6 /* Info.plist */ = {isa = PBXFileReference; lastKnownFileType = text.plist.xml; path = Info.plist; sourceTree = "<group>"; };
		339CC8A81CD25DF30020C1C6 /* TV App Agency Test AppUITests.xctest */ = {isa = PBXFileReference; explicitFileType = wrapper.cfbundle; includeInIndex = 0; path = "TV App Agency Test AppUITests.xctest"; sourceTree = BUILT_PRODUCTS_DIR; };
		339CC8AC1CD25DF30020C1C6 /* TV_App_Agency_Test_AppUITests.swift */ = {isa = PBXFileReference; lastKnownFileType = sourcecode.swift; path = TV_App_Agency_Test_AppUITests.swift; sourceTree = "<group>"; };
		339CC8AE1CD25DF30020C1C6 /* Info.plist */ = {isa = PBXFileReference; lastKnownFileType = text.plist.xml; path = Info.plist; sourceTree = "<group>"; };
		339CC8C11CD2601A0020C1C6 /* UIColorExtension.swift */ = {isa = PBXFileReference; fileEncoding = 4; lastKnownFileType = sourcecode.swift; name = UIColorExtension.swift; path = "Helper Files/UIColorExtension.swift"; sourceTree = "<group>"; };
		339CC8CC1CD264420020C1C6 /* Movie.swift */ = {isa = PBXFileReference; fileEncoding = 4; lastKnownFileType = sourcecode.swift; name = Movie.swift; path = Model/Movie.swift; sourceTree = "<group>"; };
		339CC8D31CD266890020C1C6 /* Const.swift */ = {isa = PBXFileReference; fileEncoding = 4; lastKnownFileType = sourcecode.swift; name = Const.swift; path = "Helper Files/Const.swift"; sourceTree = "<group>"; };
		339CC8D71CD2672E0020C1C6 /* Net.swift */ = {isa = PBXFileReference; fileEncoding = 4; lastKnownFileType = sourcecode.swift; name = Net.swift; path = Networking/Net.swift; sourceTree = "<group>"; };
		339CC8DE1CD291780020C1C6 /* MovieTableViewCell.swift */ = {isa = PBXFileReference; fileEncoding = 4; lastKnownFileType = sourcecode.swift; name = MovieTableViewCell.swift; path = ViewControllers/Cells/MovieTableViewCell.swift; sourceTree = "<group>"; };
		339CC9031CD34DAF0020C1C6 /* DetailViewController.swift */ = {isa = PBXFileReference; fileEncoding = 4; lastKnownFileType = sourcecode.swift; name = DetailViewController.swift; path = ViewControllers/DetailViewController.swift; sourceTree = "<group>"; };
/* End PBXFileReference section */

/* Begin PBXFrameworksBuildPhase section */
		339CC8831CD25DF30020C1C6 /* Frameworks */ = {
			isa = PBXFrameworksBuildPhase;
			buildActionMask = 2147483647;
			files = (
			);
			runOnlyForDeploymentPostprocessing = 0;
		};
		339CC89A1CD25DF30020C1C6 /* Frameworks */ = {
			isa = PBXFrameworksBuildPhase;
			buildActionMask = 2147483647;
			files = (
			);
			runOnlyForDeploymentPostprocessing = 0;
		};
		339CC8A51CD25DF30020C1C6 /* Frameworks */ = {
			isa = PBXFrameworksBuildPhase;
			buildActionMask = 2147483647;
			files = (
			);
			runOnlyForDeploymentPostprocessing = 0;
		};
/* End PBXFrameworksBuildPhase section */

/* Begin PBXGroup section */
		339CC87D1CD25DF30020C1C6 = {
			isa = PBXGroup;
			children = (
				339CC8881CD25DF30020C1C6 /* TV App Agency Test App */,
				339CC8A01CD25DF30020C1C6 /* TV App Agency Test AppTests */,
				339CC8AB1CD25DF30020C1C6 /* TV App Agency Test AppUITests */,
				339CC8871CD25DF30020C1C6 /* Products */,
			);
			sourceTree = "<group>";
		};
		339CC8871CD25DF30020C1C6 /* Products */ = {
			isa = PBXGroup;
			children = (
				339CC8861CD25DF30020C1C6 /* TV App Agency Test App.app */,
				339CC89D1CD25DF30020C1C6 /* TV App Agency Test AppTests.xctest */,
				339CC8A81CD25DF30020C1C6 /* TV App Agency Test AppUITests.xctest */,
			);
			name = Products;
			sourceTree = "<group>";
		};
		339CC8881CD25DF30020C1C6 /* TV App Agency Test App */ = {
			isa = PBXGroup;
			children = (
				339CC8D01CD266430020C1C6 /* Networking */,
				339CC8CB1CD264280020C1C6 /* Model */,
				339CC8C01CD25FD60020C1C6 /* Helper Files */,
				339CC8891CD25DF30020C1C6 /* AppDelegate.swift */,
				339CC8D11CD2664C0020C1C6 /* ViewControllers */,
				339CC8D21CD266560020C1C6 /* Storyboards */,
				339CC8931CD25DF30020C1C6 /* Assets.xcassets */,
				339CC8981CD25DF30020C1C6 /* Info.plist */,
				339CC8901CD25DF30020C1C6 /* TV_App_Agency_Test_App.xcdatamodeld */,
			);
			path = "TV App Agency Test App";
			sourceTree = "<group>";
		};
		339CC8A01CD25DF30020C1C6 /* TV App Agency Test AppTests */ = {
			isa = PBXGroup;
			children = (
				339CC8A11CD25DF30020C1C6 /* TV_App_Agency_Test_AppTests.swift */,
				339CC8A31CD25DF30020C1C6 /* Info.plist */,
			);
			path = "TV App Agency Test AppTests";
			sourceTree = "<group>";
		};
		339CC8AB1CD25DF30020C1C6 /* TV App Agency Test AppUITests */ = {
			isa = PBXGroup;
			children = (
				339CC8AC1CD25DF30020C1C6 /* TV_App_Agency_Test_AppUITests.swift */,
				339CC8AE1CD25DF30020C1C6 /* Info.plist */,
			);
			path = "TV App Agency Test AppUITests";
			sourceTree = "<group>";
		};
		339CC8C01CD25FD60020C1C6 /* Helper Files */ = {
			isa = PBXGroup;
			children = (
				336604351CD37306006D6A42 /* SWRevealViewController.h */,
				336604361CD37306006D6A42 /* SWRevealViewController.m */,
				339CC8C11CD2601A0020C1C6 /* UIColorExtension.swift */,
				339CC8D31CD266890020C1C6 /* Const.swift */,
				336604341CD37305006D6A42 /* TV App Agency Test App-Bridging-Header.h */,
				336604931CD3A23E006D6A42 /* ObjectParseManager.swift */,
			);
			name = "Helper Files";
			sourceTree = "<group>";
		};
		339CC8CB1CD264280020C1C6 /* Model */ = {
			isa = PBXGroup;
			children = (
				339CC8CC1CD264420020C1C6 /* Movie.swift */,
			);
			name = Model;
			sourceTree = "<group>";
		};
		339CC8D01CD266430020C1C6 /* Networking */ = {
			isa = PBXGroup;
			children = (
				339CC8D71CD2672E0020C1C6 /* Net.swift */,
			);
			name = Networking;
			sourceTree = "<group>";
		};
		339CC8D11CD2664C0020C1C6 /* ViewControllers */ = {
			isa = PBXGroup;
			children = (
				339CC8DD1CD2914C0020C1C6 /* Cells */,
				339CC88B1CD25DF30020C1C6 /* ListViewController.swift */,
				339CC9031CD34DAF0020C1C6 /* DetailViewController.swift */,
				3366043A1CD38D5E006D6A42 /* NavigationTableViewController.swift */,
			);
			name = ViewControllers;
			sourceTree = "<group>";
		};
		339CC8D21CD266560020C1C6 /* Storyboards */ = {
			isa = PBXGroup;
			children = (
				339CC88D1CD25DF30020C1C6 /* Main.storyboard */,
				339CC8951CD25DF30020C1C6 /* LaunchScreen.storyboard */,
			);
			name = Storyboards;
			sourceTree = "<group>";
		};
		339CC8DD1CD2914C0020C1C6 /* Cells */ = {
			isa = PBXGroup;
			children = (
				339CC8DE1CD291780020C1C6 /* MovieTableViewCell.swift */,
			);
			name = Cells;
			sourceTree = "<group>";
		};
/* End PBXGroup section */

/* Begin PBXNativeTarget section */
		339CC8851CD25DF30020C1C6 /* TV App Agency Test App */ = {
			isa = PBXNativeTarget;
			buildConfigurationList = 339CC8B11CD25DF30020C1C6 /* Build configuration list for PBXNativeTarget "TV App Agency Test App" */;
			buildPhases = (
				339CC8821CD25DF30020C1C6 /* Sources */,
				339CC8831CD25DF30020C1C6 /* Frameworks */,
				339CC8841CD25DF30020C1C6 /* Resources */,
			);
			buildRules = (
			);
			dependencies = (
			);
			name = "TV App Agency Test App";
			productName = "TV App Agency Test App";
			productReference = 339CC8861CD25DF30020C1C6 /* TV App Agency Test App.app */;
			productType = "com.apple.product-type.application";
		};
		339CC89C1CD25DF30020C1C6 /* TV App Agency Test AppTests */ = {
			isa = PBXNativeTarget;
			buildConfigurationList = 339CC8B41CD25DF30020C1C6 /* Build configuration list for PBXNativeTarget "TV App Agency Test AppTests" */;
			buildPhases = (
				339CC8991CD25DF30020C1C6 /* Sources */,
				339CC89A1CD25DF30020C1C6 /* Frameworks */,
				339CC89B1CD25DF30020C1C6 /* Resources */,
			);
			buildRules = (
			);
			dependencies = (
				339CC89F1CD25DF30020C1C6 /* PBXTargetDependency */,
			);
			name = "TV App Agency Test AppTests";
			productName = "TV App Agency Test AppTests";
			productReference = 339CC89D1CD25DF30020C1C6 /* TV App Agency Test AppTests.xctest */;
			productType = "com.apple.product-type.bundle.unit-test";
		};
		339CC8A71CD25DF30020C1C6 /* TV App Agency Test AppUITests */ = {
			isa = PBXNativeTarget;
			buildConfigurationList = 339CC8B71CD25DF30020C1C6 /* Build configuration list for PBXNativeTarget "TV App Agency Test AppUITests" */;
			buildPhases = (
				339CC8A41CD25DF30020C1C6 /* Sources */,
				339CC8A51CD25DF30020C1C6 /* Frameworks */,
				339CC8A61CD25DF30020C1C6 /* Resources */,
			);
			buildRules = (
			);
			dependencies = (
				339CC8AA1CD25DF30020C1C6 /* PBXTargetDependency */,
			);
			name = "TV App Agency Test AppUITests";
			productName = "TV App Agency Test AppUITests";
			productReference = 339CC8A81CD25DF30020C1C6 /* TV App Agency Test AppUITests.xctest */;
			productType = "com.apple.product-type.bundle.ui-testing";
		};
/* End PBXNativeTarget section */

/* Begin PBXProject section */
		339CC87E1CD25DF30020C1C6 /* Project object */ = {
			isa = PBXProject;
			attributes = {
				LastSwiftUpdateCheck = 0730;
				LastUpgradeCheck = 0730;
				ORGANIZATIONNAME = Shyam;
				TargetAttributes = {
					339CC8851CD25DF30020C1C6 = {
						CreatedOnToolsVersion = 7.3;
					};
					339CC89C1CD25DF30020C1C6 = {
						CreatedOnToolsVersion = 7.3;
						TestTargetID = 339CC8851CD25DF30020C1C6;
					};
					339CC8A71CD25DF30020C1C6 = {
						CreatedOnToolsVersion = 7.3;
						TestTargetID = 339CC8851CD25DF30020C1C6;
					};
				};
			};
			buildConfigurationList = 339CC8811CD25DF30020C1C6 /* Build configuration list for PBXProject "TV App Agency Test App" */;
			compatibilityVersion = "Xcode 3.2";
			developmentRegion = English;
			hasScannedForEncodings = 0;
			knownRegions = (
				en,
				Base,
			);
			mainGroup = 339CC87D1CD25DF30020C1C6;
			productRefGroup = 339CC8871CD25DF30020C1C6 /* Products */;
			projectDirPath = "";
			projectRoot = "";
			targets = (
				339CC8851CD25DF30020C1C6 /* TV App Agency Test App */,
				339CC89C1CD25DF30020C1C6 /* TV App Agency Test AppTests */,
				339CC8A71CD25DF30020C1C6 /* TV App Agency Test AppUITests */,
			);
		};
/* End PBXProject section */

/* Begin PBXResourcesBuildPhase section */
		339CC8841CD25DF30020C1C6 /* Resources */ = {
			isa = PBXResourcesBuildPhase;
			buildActionMask = 2147483647;
			files = (
				339CC8971CD25DF30020C1C6 /* LaunchScreen.storyboard in Resources */,
				339CC8941CD25DF30020C1C6 /* Assets.xcassets in Resources */,
				339CC88F1CD25DF30020C1C6 /* Main.storyboard in Resources */,
			);
			runOnlyForDeploymentPostprocessing = 0;
		};
		339CC89B1CD25DF30020C1C6 /* Resources */ = {
			isa = PBXResourcesBuildPhase;
			buildActionMask = 2147483647;
			files = (
			);
			runOnlyForDeploymentPostprocessing = 0;
		};
		339CC8A61CD25DF30020C1C6 /* Resources */ = {
			isa = PBXResourcesBuildPhase;
			buildActionMask = 2147483647;
			files = (
			);
			runOnlyForDeploymentPostprocessing = 0;
		};
/* End PBXResourcesBuildPhase section */

/* Begin PBXSourcesBuildPhase section */
		339CC8821CD25DF30020C1C6 /* Sources */ = {
			isa = PBXSourcesBuildPhase;
			buildActionMask = 2147483647;
			files = (
				339CC9041CD34DAF0020C1C6 /* DetailViewController.swift in Sources */,
				3366043B1CD38D5E006D6A42 /* NavigationTableViewController.swift in Sources */,
				339CC88C1CD25DF30020C1C6 /* ListViewController.swift in Sources */,
				339CC8921CD25DF30020C1C6 /* TV_App_Agency_Test_App.xcdatamodeld in Sources */,
				339CC88A1CD25DF30020C1C6 /* AppDelegate.swift in Sources */,
				339CC8C21CD2601A0020C1C6 /* UIColorExtension.swift in Sources */,
				339CC8CD1CD264420020C1C6 /* Movie.swift in Sources */,
				336604941CD3A23E006D6A42 /* ObjectParseManager.swift in Sources */,
				339CC8D41CD266890020C1C6 /* Const.swift in Sources */,
				336604371CD37306006D6A42 /* SWRevealViewController.m in Sources */,
				339CC8DF1CD291780020C1C6 /* MovieTableViewCell.swift in Sources */,
				339CC8D81CD2672E0020C1C6 /* Net.swift in Sources */,
			);
			runOnlyForDeploymentPostprocessing = 0;
		};
		339CC8991CD25DF30020C1C6 /* Sources */ = {
			isa = PBXSourcesBuildPhase;
			buildActionMask = 2147483647;
			files = (
				339CC8A21CD25DF30020C1C6 /* TV_App_Agency_Test_AppTests.swift in Sources */,
			);
			runOnlyForDeploymentPostprocessing = 0;
		};
		339CC8A41CD25DF30020C1C6 /* Sources */ = {
			isa = PBXSourcesBuildPhase;
			buildActionMask = 2147483647;
			files = (
				339CC8AD1CD25DF30020C1C6 /* TV_App_Agency_Test_AppUITests.swift in Sources */,
			);
			runOnlyForDeploymentPostprocessing = 0;
		};
/* End PBXSourcesBuildPhase section */

/* Begin PBXTargetDependency section */
		339CC89F1CD25DF30020C1C6 /* PBXTargetDependency */ = {
			isa = PBXTargetDependency;
			target = 339CC8851CD25DF30020C1C6 /* TV App Agency Test App */;
			targetProxy = 339CC89E1CD25DF30020C1C6 /* PBXContainerItemProxy */;
		};
		339CC8AA1CD25DF30020C1C6 /* PBXTargetDependency */ = {
			isa = PBXTargetDependency;
			target = 339CC8851CD25DF30020C1C6 /* TV App Agency Test App */;
			targetProxy = 339CC8A91CD25DF30020C1C6 /* PBXContainerItemProxy */;
		};
/* End PBXTargetDependency section */

/* Begin PBXVariantGroup section */
		339CC88D1CD25DF30020C1C6 /* Main.storyboard */ = {
			isa = PBXVariantGroup;
			children = (
				339CC88E1CD25DF30020C1C6 /* Base */,
			);
			name = Main.storyboard;
			sourceTree = "<group>";
		};
		339CC8951CD25DF30020C1C6 /* LaunchScreen.storyboard */ = {
			isa = PBXVariantGroup;
			children = (
				339CC8961CD25DF30020C1C6 /* Base */,
			);
			name = LaunchScreen.storyboard;
			sourceTree = "<group>";
		};
/* End PBXVariantGroup section */

/* Begin XCBuildConfiguration section */
		339CC8AF1CD25DF30020C1C6 /* Debug */ = {
			isa = XCBuildConfiguration;
			buildSettings = {
				ALWAYS_SEARCH_USER_PATHS = NO;
				CLANG_ANALYZER_NONNULL = YES;
				CLANG_CXX_LANGUAGE_STANDARD = "gnu++0x";
				CLANG_CXX_LIBRARY = "libc++";
				CLANG_ENABLE_MODULES = YES;
				CLANG_ENABLE_OBJC_ARC = YES;
				CLANG_WARN_BOOL_CONVERSION = YES;
				CLANG_WARN_CONSTANT_CONVERSION = YES;
				CLANG_WARN_DIRECT_OBJC_ISA_USAGE = YES_ERROR;
				CLANG_WARN_EMPTY_BODY = YES;
				CLANG_WARN_ENUM_CONVERSION = YES;
				CLANG_WARN_INT_CONVERSION = YES;
				CLANG_WARN_OBJC_ROOT_CLASS = YES_ERROR;
				CLANG_WARN_UNREACHABLE_CODE = YES;
				CLANG_WARN__DUPLICATE_METHOD_MATCH = YES;
				"CODE_SIGN_IDENTITY[sdk=iphoneos*]" = "iPhone Developer";
				COPY_PHASE_STRIP = NO;
				DEBUG_INFORMATION_FORMAT = dwarf;
				ENABLE_STRICT_OBJC_MSGSEND = YES;
				ENABLE_TESTABILITY = YES;
				GCC_C_LANGUAGE_STANDARD = gnu99;
				GCC_DYNAMIC_NO_PIC = NO;
				GCC_NO_COMMON_BLOCKS = YES;
				GCC_OPTIMIZATION_LEVEL = 0;
				GCC_PREPROCESSOR_DEFINITIONS = (
					"DEBUG=1",
					"$(inherited)",
				);
				GCC_WARN_64_TO_32_BIT_CONVERSION = YES;
				GCC_WARN_ABOUT_RETURN_TYPE = YES_ERROR;
				GCC_WARN_UNDECLARED_SELECTOR = YES;
				GCC_WARN_UNINITIALIZED_AUTOS = YES_AGGRESSIVE;
				GCC_WARN_UNUSED_FUNCTION = YES;
				GCC_WARN_UNUSED_VARIABLE = YES;
				IPHONEOS_DEPLOYMENT_TARGET = 9.3;
				MTL_ENABLE_DEBUG_INFO = YES;
				ONLY_ACTIVE_ARCH = YES;
				SDKROOT = iphoneos;
				SWIFT_OPTIMIZATION_LEVEL = "-Onone";
				TARGETED_DEVICE_FAMILY = "1,2";
			};
			name = Debug;
		};
		339CC8B01CD25DF30020C1C6 /* Release */ = {
			isa = XCBuildConfiguration;
			buildSettings = {
				ALWAYS_SEARCH_USER_PATHS = NO;
				CLANG_ANALYZER_NONNULL = YES;
				CLANG_CXX_LANGUAGE_STANDARD = "gnu++0x";
				CLANG_CXX_LIBRARY = "libc++";
				CLANG_ENABLE_MODULES = YES;
				CLANG_ENABLE_OBJC_ARC = YES;
				CLANG_WARN_BOOL_CONVERSION = YES;
				CLANG_WARN_CONSTANT_CONVERSION = YES;
				CLANG_WARN_DIRECT_OBJC_ISA_USAGE = YES_ERROR;
				CLANG_WARN_EMPTY_BODY = YES;
				CLANG_WARN_ENUM_CONVERSION = YES;
				CLANG_WARN_INT_CONVERSION = YES;
				CLANG_WARN_OBJC_ROOT_CLASS = YES_ERROR;
				CLANG_WARN_UNREACHABLE_CODE = YES;
				CLANG_WARN__DUPLICATE_METHOD_MATCH = YES;
				"CODE_SIGN_IDENTITY[sdk=iphoneos*]" = "iPhone Developer";
				COPY_PHASE_STRIP = NO;
				DEBUG_INFORMATION_FORMAT = "dwarf-with-dsym";
				ENABLE_NS_ASSERTIONS = NO;
				ENABLE_STRICT_OBJC_MSGSEND = YES;
				GCC_C_LANGUAGE_STANDARD = gnu99;
				GCC_NO_COMMON_BLOCKS = YES;
				GCC_WARN_64_TO_32_BIT_CONVERSION = YES;
				GCC_WARN_ABOUT_RETURN_TYPE = YES_ERROR;
				GCC_WARN_UNDECLARED_SELECTOR = YES;
				GCC_WARN_UNINITIALIZED_AUTOS = YES_AGGRESSIVE;
				GCC_WARN_UNUSED_FUNCTION = YES;
				GCC_WARN_UNUSED_VARIABLE = YES;
				IPHONEOS_DEPLOYMENT_TARGET = 9.3;
				MTL_ENABLE_DEBUG_INFO = NO;
				SDKROOT = iphoneos;
				TARGETED_DEVICE_FAMILY = "1,2";
				VALIDATE_PRODUCT = YES;
			};
			name = Release;
		};
		339CC8B21CD25DF30020C1C6 /* Debug */ = {
			isa = XCBuildConfiguration;
			buildSettings = {
				ASSETCATALOG_COMPILER_APPICON_NAME = AppIcon;
				CLANG_ENABLE_MODULES = YES;
				INFOPLIST_FILE = "TV App Agency Test App/Info.plist";
				LD_RUNPATH_SEARCH_PATHS = "$(inherited) @executable_path/Frameworks";
				PRODUCT_BUNDLE_IDENTIFIER = "com.shyambhudia.TV-App-Agency-Test-App";
				PRODUCT_NAME = "$(TARGET_NAME)";
				SWIFT_OBJC_BRIDGING_HEADER = "TV App Agency Test App/TV App Agency Test App-Bridging-Header.h";
				SWIFT_OPTIMIZATION_LEVEL = "-Onone";
			};
			name = Debug;
		};
		339CC8B31CD25DF30020C1C6 /* Release */ = {
			isa = XCBuildConfiguration;
			buildSettings = {
				ASSETCATALOG_COMPILER_APPICON_NAME = AppIcon;
				CLANG_ENABLE_MODULES = YES;
				INFOPLIST_FILE = "TV App Agency Test App/Info.plist";
				LD_RUNPATH_SEARCH_PATHS = "$(inherited) @executable_path/Frameworks";
				PRODUCT_BUNDLE_IDENTIFIER = "com.shyambhudia.TV-App-Agency-Test-App";
				PRODUCT_NAME = "$(TARGET_NAME)";
				SWIFT_OBJC_BRIDGING_HEADER = "TV App Agency Test App/TV App Agency Test App-Bridging-Header.h";
			};
			name = Release;
		};
		339CC8B51CD25DF30020C1C6 /* Debug */ = {
			isa = XCBuildConfiguration;
			buildSettings = {
				BUNDLE_LOADER = "$(TEST_HOST)";
				INFOPLIST_FILE = "TV App Agency Test AppTests/Info.plist";
				LD_RUNPATH_SEARCH_PATHS = "$(inherited) @executable_path/Frameworks @loader_path/Frameworks";
				PRODUCT_BUNDLE_IDENTIFIER = "com.shyambhudia.TV-App-Agency-Test-AppTests";
				PRODUCT_NAME = "$(TARGET_NAME)";
				TEST_HOST = "$(BUILT_PRODUCTS_DIR)/TV App Agency Test App.app/TV App Agency Test App";
			};
			name = Debug;
		};
		339CC8B61CD25DF30020C1C6 /* Release */ = {
			isa = XCBuildConfiguration;
			buildSettings = {
				BUNDLE_LOADER = "$(TEST_HOST)";
				INFOPLIST_FILE = "TV App Agency Test AppTests/Info.plist";
				LD_RUNPATH_SEARCH_PATHS = "$(inherited) @executable_path/Frameworks @loader_path/Frameworks";
				PRODUCT_BUNDLE_IDENTIFIER = "com.shyambhudia.TV-App-Agency-Test-AppTests";
				PRODUCT_NAME = "$(TARGET_NAME)";
				TEST_HOST = "$(BUILT_PRODUCTS_DIR)/TV App Agency Test App.app/TV App Agency Test App";
			};
			name = Release;
		};
		339CC8B81CD25DF30020C1C6 /* Debug */ = {
			isa = XCBuildConfiguration;
			buildSettings = {
				INFOPLIST_FILE = "TV App Agency Test AppUITests/Info.plist";
				LD_RUNPATH_SEARCH_PATHS = "$(inherited) @executable_path/Frameworks @loader_path/Frameworks";
				PRODUCT_BUNDLE_IDENTIFIER = "com.shyambhudia.TV-App-Agency-Test-AppUITests";
				PRODUCT_NAME = "$(TARGET_NAME)";
				TEST_TARGET_NAME = "TV App Agency Test App";
			};
			name = Debug;
		};
		339CC8B91CD25DF30020C1C6 /* Release */ = {
			isa = XCBuildConfiguration;
			buildSettings = {
				INFOPLIST_FILE = "TV App Agency Test AppUITests/Info.plist";
				LD_RUNPATH_SEARCH_PATHS = "$(inherited) @executable_path/Frameworks @loader_path/Frameworks";
				PRODUCT_BUNDLE_IDENTIFIER = "com.shyambhudia.TV-App-Agency-Test-AppUITests";
				PRODUCT_NAME = "$(TARGET_NAME)";
				TEST_TARGET_NAME = "TV App Agency Test App";
			};
			name = Release;
		};
/* End XCBuildConfiguration section */

/* Begin XCConfigurationList section */
		339CC8811CD25DF30020C1C6 /* Build configuration list for PBXProject "TV App Agency Test App" */ = {
			isa = XCConfigurationList;
			buildConfigurations = (
				339CC8AF1CD25DF30020C1C6 /* Debug */,
				339CC8B01CD25DF30020C1C6 /* Release */,
			);
			defaultConfigurationIsVisible = 0;
			defaultConfigurationName = Release;
		};
		339CC8B11CD25DF30020C1C6 /* Build configuration list for PBXNativeTarget "TV App Agency Test App" */ = {
			isa = XCConfigurationList;
			buildConfigurations = (
				339CC8B21CD25DF30020C1C6 /* Debug */,
				339CC8B31CD25DF30020C1C6 /* Release */,
			);
			defaultConfigurationIsVisible = 0;
			defaultConfigurationName = Release;
		};
		339CC8B41CD25DF30020C1C6 /* Build configuration list for PBXNativeTarget "TV App Agency Test AppTests" */ = {
			isa = XCConfigurationList;
			buildConfigurations = (
				339CC8B51CD25DF30020C1C6 /* Debug */,
				339CC8B61CD25DF30020C1C6 /* Release */,
			);
			defaultConfigurationIsVisible = 0;
			defaultConfigurationName = Release;
		};
		339CC8B71CD25DF30020C1C6 /* Build configuration list for PBXNativeTarget "TV App Agency Test AppUITests" */ = {
			isa = XCConfigurationList;
			buildConfigurations = (
				339CC8B81CD25DF30020C1C6 /* Debug */,
				339CC8B91CD25DF30020C1C6 /* Release */,
			);
			defaultConfigurationIsVisible = 0;
			defaultConfigurationName = Release;
		};
/* End XCConfigurationList section */

/* Begin XCVersionGroup section */
		339CC8901CD25DF30020C1C6 /* TV_App_Agency_Test_App.xcdatamodeld */ = {
			isa = XCVersionGroup;
			children = (
				339CC8911CD25DF30020C1C6 /* TV_App_Agency_Test_App.xcdatamodel */,
			);
			currentVersion = 339CC8911CD25DF30020C1C6 /* TV_App_Agency_Test_App.xcdatamodel */;
			path = TV_App_Agency_Test_App.xcdatamodeld;
			sourceTree = "<group>";
			versionGroupType = wrapper.xcdatamodel;
		};
/* End XCVersionGroup section */
	};
	rootObject = 339CC87E1CD25DF30020C1C6 /* Project object */;
}
